<?xml version="1.0" encoding="utf-8"?>
<Project ToolsVersion="4.0" xmlns="http://schemas.microsoft.com/developer/msbuild/2003">
  <ItemGroup>
    <Filter Include="소스 파일">
      <UniqueIdentifier>{4FC737F1-C7A5-4376-A066-2A32D752A2FF}</UniqueIdentifier>
      <Extensions>cpp;c;cc;cxx;def;odl;idl;hpj;bat;asm;asmx</Extensions>
    </Filter>
    <Filter Include="헤더 파일">
      <UniqueIdentifier>{93995380-89BD-4b04-88EB-625FBE52EBFB}</UniqueIdentifier>
      <Extensions>h;hh;hpp;hxx;hm;inl;inc;ipp;xsd</Extensions>
    </Filter>
    <Filter Include="리소스 파일">
      <UniqueIdentifier>{67DA6AB6-F800-4c08-8B7A-83BB121AAD01}</UniqueIdentifier>
      <Extensions>rc;ico;cur;bmp;dlg;rc2;rct;bin;rgs;gif;jpg;jpeg;jpe;resx;tiff;tif;png;wav;mfcribbon-ms</Extensions>
    </Filter>
  </ItemGroup>
  <ItemGroup>
    <ClCompile Include="배열 기반 링크드 리스트.cpp">
      <Filter>소스 파일</Filter>
    </ClCompile>
    <ClCompile Include="%28Front%29노드 기반 링크드 리스트.cpp">
      <Filter>소스 파일</Filter>
    </ClCompile>
    <ClCompile Include="더미 기반 이중 링크드 리스트.cpp">
      <Filter>소스 파일</Filter>
    </ClCompile>
    <ClCompile Include="환형 연결 리스트.cpp">
      <Filter>소스 파일</Filter>
    </ClCompile>
    <ClCompile Include="배열 기반 스택.cpp">
      <Filter>소스 파일</Filter>
    </ClCompile>
    <ClCompile Include="링리 기반 스택.cpp">
      <Filter>소스 파일</Filter>
    </ClCompile>
    <ClCompile Include="배열 기반 큐.cpp">
      <Filter>소스 파일</Filter>
    </ClCompile>
    <ClCompile Include="배열 기반 확장 가능 벡터.cpp">
      <Filter>소스 파일</Filter>
    </ClCompile>
    <ClCompile Include="Heap sort.cpp">
      <Filter>소스 파일</Filter>
    </ClCompile>
    <ClCompile Include="BST.cpp">
      <Filter>소스 파일</Filter>
    </ClCompile>
    <ClCompile Include="Week7_p1_E.cpp">
      <Filter>소스 파일</Filter>
    </ClCompile>
    <ClCompile Include="Week7_p2_E.cpp">
      <Filter>소스 파일</Filter>
    </ClCompile>
    <ClCompile Include="Week9_p1_E.cpp">
      <Filter>소스 파일</Filter>
    </ClCompile>
    <ClCompile Include="Week9_p2_E.cpp">
      <Filter>소스 파일</Filter>
    </ClCompile>
    <ClCompile Include="Week9_p2_H.cpp">
      <Filter>소스 파일</Filter>
    </ClCompile>
    <ClCompile Include="재귀 BST.cpp">
      <Filter>소스 파일</Filter>
    </ClCompile>
    <ClCompile Include="Week10_p1_E.cpp">
      <Filter>소스 파일</Filter>
    </ClCompile>
    <ClCompile Include="Week10_p1_H.cpp">
      <Filter>소스 파일</Filter>
    </ClCompile>
    <ClCompile Include="Week10_p2.cpp">
      <Filter>소스 파일</Filter>
    </ClCompile>
    <ClCompile Include="Week7.cpp">
      <Filter>소스 파일</Filter>
    </ClCompile>
    <ClCompile Include="Week9.cpp">
      <Filter>소스 파일</Filter>
    </ClCompile>
    <ClCompile Include="Week10.cpp">
      <Filter>소스 파일</Filter>
    </ClCompile>
    <ClCompile Include="소스.cpp">
      <Filter>소스 파일</Filter>
    </ClCompile>
    <ClCompile Include="WEEK13_PRO1.cpp">
      <Filter>소스 파일</Filter>
    </ClCompile>
    <ClCompile Include="WEEK13_PRO1_H.cpp">
      <Filter>소스 파일</Filter>
    </ClCompile>
    <ClCompile Include="WEEK13_PRO2.cpp">
      <Filter>소스 파일</Filter>
    </ClCompile>
    <ClCompile Include="WEEK14_PRO1_E.cpp">
      <Filter>소스 파일</Filter>
    </ClCompile>
    <ClCompile Include="WEEK14_PRO1_H.cpp">
      <Filter>소스 파일</Filter>
    </ClCompile>
    <ClCompile Include="WEEK14_PRO2.cpp">
      <Filter>소스 파일</Filter>
    </ClCompile>
    <ClCompile Include="week12_p1_E.cpp">
      <Filter>소스 파일</Filter>
    </ClCompile>
    <ClCompile Include="week13_p1_E.cpp">
      <Filter>소스 파일</Filter>
    </ClCompile>
    <ClCompile Include="week13_p1_h.cpp">
      <Filter>소스 파일</Filter>
    </ClCompile>
  </ItemGroup>
</Project>